
Microsoft Visual Studio Solution File, Format Version 12.00
# Visual Studio Version 16
VisualStudioVersion = 16.0.29728.190
MinimumVisualStudioVersion = 10.0.40219.1
Project("{FAE04EC0-301F-11D3-BF4B-00C04F79EFBC}") = "ACM.BL", "ACM.BL\ACM.BL.csproj", "{C733CCD1-166D-46B7-9C73-9F716DB53E92}"
EndProject
Project("{2150E333-8FDC-42A3-9474-1A3956D46DE8}") = "Tests", "Tests", "{BB9C54D4-A68F-47B1-95FA-9E7BA0B7796C}"
EndProject
Project("{FAE04EC0-301F-11D3-BF4B-00C04F79EFBC}") = "ACM.BLTest", "Tests\ACM.BLTest\ACM.BLTest.csproj", "{C12B456F-4AD9-4086-AEEA-987292DED939}"
EndProject
Project("{FAE04EC0-301F-11D3-BF4B-00C04F79EFBC}") = "Acme.Common", "Acme.Common\Acme.Common.csproj", "{588E6294-F702-4746-A850-CF89E905A313}"
EndProject
Project("{FAE04EC0-301F-11D3-BF4B-00C04F79EFBC}") = "Acme.CommonTest", "Tests\Acme.CommonTest\Acme.CommonTest.csproj", "{896E64C9-B455-47E7-BD8B-0E39B3F7364D}"
EndProject
Global
	GlobalSection(SolutionConfigurationPlatforms) = preSolution
		Debug|Any CPU = Debug|Any CPU
		Release|Any CPU = Release|Any CPU
	EndGlobalSection
	GlobalSection(ProjectConfigurationPlatforms) = postSolution
		{C733CCD1-166D-46B7-9C73-9F716DB53E92}.Debug|Any CPU.ActiveCfg = Debug|Any CPU
		{C733CCD1-166D-46B7-9C73-9F716DB53E92}.Debug|Any CPU.Build.0 = Debug|Any CPU
		{C733CCD1-166D-46B7-9C73-9F716DB53E92}.Release|Any CPU.ActiveCfg = Release|Any CPU
		{C733CCD1-166D-46B7-9C73-9F716DB53E92}.Release|Any CPU.Build.0 = Release|Any CPU
		{C12B456F-4AD9-4086-AEEA-987292DED939}.Debug|Any CPU.ActiveCfg = Debug|Any CPU
		{C12B456F-4AD9-4086-AEEA-987292DED939}.Debug|Any CPU.Build.0 = Debug|Any CPU
		{C12B456F-4AD9-4086-AEEA-987292DED939}.Release|Any CPU.ActiveCfg = Release|Any CPU
		{C12B456F-4AD9-4086-AEEA-987292DED939}.Release|Any CPU.Build.0 = Release|Any CPU
		{588E6294-F702-4746-A850-CF89E905A313}.Debug|Any CPU.ActiveCfg = Debug|Any CPU
		{588E6294-F702-4746-A850-CF89E905A313}.Debug|Any CPU.Build.0 = Debug|Any CPU
		{588E6294-F702-4746-A850-CF89E905A313}.Release|Any CPU.ActiveCfg = Release|Any CPU
		{588E6294-F702-4746-A850-CF89E905A313}.Release|Any CPU.Build.0 = Release|Any CPU
		{896E64C9-B455-47E7-BD8B-0E39B3F7364D}.Debug|Any CPU.ActiveCfg = Debug|Any CPU
		{896E64C9-B455-47E7-BD8B-0E39B3F7364D}.Debug|Any CPU.Build.0 = Debug|Any CPU
		{896E64C9-B455-47E7-BD8B-0E39B3F7364D}.Release|Any CPU.ActiveCfg = Release|Any CPU
		{896E64C9-B455-47E7-BD8B-0E39B3F7364D}.Release|Any CPU.Build.0 = Release|Any CPU
	EndGlobalSection
	GlobalSection(SolutionProperties) = preSolution
		HideSolutionNode = FALSE
	EndGlobalSection
	GlobalSection(NestedProjects) = preSolution
		{C12B456F-4AD9-4086-AEEA-987292DED939} = {BB9C54D4-A68F-47B1-95FA-9E7BA0B7796C}
		{896E64C9-B455-47E7-BD8B-0E39B3F7364D} = {BB9C54D4-A68F-47B1-95FA-9E7BA0B7796C}
	EndGlobalSection
	GlobalSection(ExtensibilityGlobals) = postSolution
		SolutionGuid = {0DF40324-247E-4E16-96F0-92DC3B1A65C9}
	EndGlobalSection
EndGlobal
